
Microsoft Visual Studio Solution File, Format Version 12.00
# Visual Studio Version 17
VisualStudioVersion = 17.0.31903.59
MinimumVisualStudioVersion = 10.0.40219.1
Project("{9A19103F-16F7-4668-BE54-9A1E7A4F7556}") = "HelloWorld", "HelloWorld\HelloWorld.csproj", "{A06CA736-79D9-497B-BE5D-AA02BBEC9A9C}"
EndProject
Project("{9A19103F-16F7-4668-BE54-9A1E7A4F7556}") = "HelloWorld.NET5", "HelloWorld.NET5\HelloWorld.NET5.csproj", "{69C0D26F-E5B7-410F-94F9-8DE3E48FE721}"
EndProject
Project("{9A19103F-16F7-4668-BE54-9A1E7A4F7556}") = "InputOutput", "InputOutput\InputOutput.csproj", "{9C671A10-4826-4F29-AF2D-4B4270634BB6}"
EndProject
Project("{9A19103F-16F7-4668-BE54-9A1E7A4F7556}") = "VariablesAndDataTypes", "VariablesAndDataTypes\VariablesAndDataTypes.csproj", "{F198738C-66C6-4F96-9859-43419592E5D6}"
EndProject
Project("{9A19103F-16F7-4668-BE54-9A1E7A4F7556}") = "MathOperators", "MathOperators\MathOperators.csproj", "{8157B325-E28D-47D2-8A8C-BADC4CC40F3D}"
EndProject
Project("{9A19103F-16F7-4668-BE54-9A1E7A4F7556}") = "ConditionalStatements", "ConditionalStatements\ConditionalStatements.csproj", "{9B90EB5E-2071-42B4-A861-44F49AB54E7B}"
EndProject
Project("{9A19103F-16F7-4668-BE54-9A1E7A4F7556}") = "RepititionStatements", "RepititionStatements\RepititionStatements.csproj", "{680D8072-3AF4-416D-B00C-2C5B8AB5847B}"
EndProject
Project("{9A19103F-16F7-4668-BE54-9A1E7A4F7556}") = "Methods", "Method\Methods.csproj", "{5FADE64B-4041-4DFC-A5BC-1C1332EC4252}"
EndProject
Project("{9A19103F-16F7-4668-BE54-9A1E7A4F7556}") = "StringManipulation", "StringManipulation\StringManipulation.csproj", "{EDB20A5B-2E5F-4121-8FEF-91BC9AD29A28}"
EndProject
Project("{9A19103F-16F7-4668-BE54-9A1E7A4F7556}") = "DateTimeManipulations", "DateTimeManipulations\DateTimeManipulations.csproj", "{C34D521C-2F5E-4A76-A7B6-3D805D3AA445}"
EndProject
Project("{9A19103F-16F7-4668-BE54-9A1E7A4F7556}") = "ExceptionHandling", "ExceptionHandling\ExceptionHandling.csproj", "{2C2AED7B-D55A-4E5A-A9B8-D7235CE9A08D}"
EndProject
Project("{9A19103F-16F7-4668-BE54-9A1E7A4F7556}") = "Arrays", "Arrays\Arrays.csproj", "{397A3B2C-4411-4B0D-9877-E4DD19290AD9}"
EndProject
Project("{9A19103F-16F7-4668-BE54-9A1E7A4F7556}") = "ListCollections", "ListCollections\ListCollections.csproj", "{B657A614-0788-4FD4-A56F-7403023CBB8D}"
EndProject
Project("{FAE04EC0-301F-11D3-BF4B-00C04F79EFBC}") = "ClassesAndObjects", "ClassesAndObjects\ClassesAndObjects.csproj", "{F2108754-C236-4345-AD5F-12421D7F60D1}"
EndProject
Project("{FAE04EC0-301F-11D3-BF4B-00C04F79EFBC}") = "Inheritance", "Inheritance\Inheritance.csproj", "{8ED7ADED-F260-4AD1-B3DF-D65E7CBD6D35}"
EndProject
Global
	GlobalSection(SolutionConfigurationPlatforms) = preSolution
		Debug|Any CPU = Debug|Any CPU
		Release|Any CPU = Release|Any CPU
	EndGlobalSection
	GlobalSection(ProjectConfigurationPlatforms) = postSolution
		{A06CA736-79D9-497B-BE5D-AA02BBEC9A9C}.Debug|Any CPU.ActiveCfg = Debug|Any CPU
		{A06CA736-79D9-497B-BE5D-AA02BBEC9A9C}.Debug|Any CPU.Build.0 = Debug|Any CPU
		{A06CA736-79D9-497B-BE5D-AA02BBEC9A9C}.Release|Any CPU.ActiveCfg = Release|Any CPU
		{A06CA736-79D9-497B-BE5D-AA02BBEC9A9C}.Release|Any CPU.Build.0 = Release|Any CPU
		{69C0D26F-E5B7-410F-94F9-8DE3E48FE721}.Debug|Any CPU.ActiveCfg = Debug|Any CPU
		{69C0D26F-E5B7-410F-94F9-8DE3E48FE721}.Debug|Any CPU.Build.0 = Debug|Any CPU
		{69C0D26F-E5B7-410F-94F9-8DE3E48FE721}.Release|Any CPU.ActiveCfg = Release|Any CPU
		{69C0D26F-E5B7-410F-94F9-8DE3E48FE721}.Release|Any CPU.Build.0 = Release|Any CPU
		{9C671A10-4826-4F29-AF2D-4B4270634BB6}.Debug|Any CPU.ActiveCfg = Debug|Any CPU
		{9C671A10-4826-4F29-AF2D-4B4270634BB6}.Debug|Any CPU.Build.0 = Debug|Any CPU
		{9C671A10-4826-4F29-AF2D-4B4270634BB6}.Release|Any CPU.ActiveCfg = Release|Any CPU
		{9C671A10-4826-4F29-AF2D-4B4270634BB6}.Release|Any CPU.Build.0 = Release|Any CPU
		{F198738C-66C6-4F96-9859-43419592E5D6}.Debug|Any CPU.ActiveCfg = Debug|Any CPU
		{F198738C-66C6-4F96-9859-43419592E5D6}.Debug|Any CPU.Build.0 = Debug|Any CPU
		{F198738C-66C6-4F96-9859-43419592E5D6}.Release|Any CPU.ActiveCfg = Release|Any CPU
		{F198738C-66C6-4F96-9859-43419592E5D6}.Release|Any CPU.Build.0 = Release|Any CPU
		{8157B325-E28D-47D2-8A8C-BADC4CC40F3D}.Debug|Any CPU.ActiveCfg = Debug|Any CPU
		{8157B325-E28D-47D2-8A8C-BADC4CC40F3D}.Debug|Any CPU.Build.0 = Debug|Any CPU
		{8157B325-E28D-47D2-8A8C-BADC4CC40F3D}.Release|Any CPU.ActiveCfg = Release|Any CPU
		{8157B325-E28D-47D2-8A8C-BADC4CC40F3D}.Release|Any CPU.Build.0 = Release|Any CPU
		{9B90EB5E-2071-42B4-A861-44F49AB54E7B}.Debug|Any CPU.ActiveCfg = Debug|Any CPU
		{9B90EB5E-2071-42B4-A861-44F49AB54E7B}.Debug|Any CPU.Build.0 = Debug|Any CPU
		{9B90EB5E-2071-42B4-A861-44F49AB54E7B}.Release|Any CPU.ActiveCfg = Release|Any CPU
		{9B90EB5E-2071-42B4-A861-44F49AB54E7B}.Release|Any CPU.Build.0 = Release|Any CPU
		{680D8072-3AF4-416D-B00C-2C5B8AB5847B}.Debug|Any CPU.ActiveCfg = Debug|Any CPU
		{680D8072-3AF4-416D-B00C-2C5B8AB5847B}.Debug|Any CPU.Build.0 = Debug|Any CPU
		{680D8072-3AF4-416D-B00C-2C5B8AB5847B}.Release|Any CPU.ActiveCfg = Release|Any CPU
		{680D8072-3AF4-416D-B00C-2C5B8AB5847B}.Release|Any CPU.Build.0 = Release|Any CPU
		{5FADE64B-4041-4DFC-A5BC-1C1332EC4252}.Debug|Any CPU.ActiveCfg = Debug|Any CPU
		{5FADE64B-4041-4DFC-A5BC-1C1332EC4252}.Debug|Any CPU.Build.0 = Debug|Any CPU
		{5FADE64B-4041-4DFC-A5BC-1C1332EC4252}.Release|Any CPU.ActiveCfg = Release|Any CPU
		{5FADE64B-4041-4DFC-A5BC-1C1332EC4252}.Release|Any CPU.Build.0 = Release|Any CPU
		{EDB20A5B-2E5F-4121-8FEF-91BC9AD29A28}.Debug|Any CPU.ActiveCfg = Debug|Any CPU
		{EDB20A5B-2E5F-4121-8FEF-91BC9AD29A28}.Debug|Any CPU.Build.0 = Debug|Any CPU
		{EDB20A5B-2E5F-4121-8FEF-91BC9AD29A28}.Release|Any CPU.ActiveCfg = Release|Any CPU
		{EDB20A5B-2E5F-4121-8FEF-91BC9AD29A28}.Release|Any CPU.Build.0 = Release|Any CPU
		{C34D521C-2F5E-4A76-A7B6-3D805D3AA445}.Debug|Any CPU.ActiveCfg = Debug|Any CPU
		{C34D521C-2F5E-4A76-A7B6-3D805D3AA445}.Debug|Any CPU.Build.0 = Debug|Any CPU
		{C34D521C-2F5E-4A76-A7B6-3D805D3AA445}.Release|Any CPU.ActiveCfg = Release|Any CPU
		{C34D521C-2F5E-4A76-A7B6-3D805D3AA445}.Release|Any CPU.Build.0 = Release|Any CPU
		{2C2AED7B-D55A-4E5A-A9B8-D7235CE9A08D}.Debug|Any CPU.ActiveCfg = Debug|Any CPU
		{2C2AED7B-D55A-4E5A-A9B8-D7235CE9A08D}.Debug|Any CPU.Build.0 = Debug|Any CPU
		{2C2AED7B-D55A-4E5A-A9B8-D7235CE9A08D}.Release|Any CPU.ActiveCfg = Release|Any CPU
		{2C2AED7B-D55A-4E5A-A9B8-D7235CE9A08D}.Release|Any CPU.Build.0 = Release|Any CPU
		{397A3B2C-4411-4B0D-9877-E4DD19290AD9}.Debug|Any CPU.ActiveCfg = Debug|Any CPU
		{397A3B2C-4411-4B0D-9877-E4DD19290AD9}.Debug|Any CPU.Build.0 = Debug|Any CPU
		{397A3B2C-4411-4B0D-9877-E4DD19290AD9}.Release|Any CPU.ActiveCfg = Release|Any CPU
		{397A3B2C-4411-4B0D-9877-E4DD19290AD9}.Release|Any CPU.Build.0 = Release|Any CPU
		{B657A614-0788-4FD4-A56F-7403023CBB8D}.Debug|Any CPU.ActiveCfg = Debug|Any CPU
		{B657A614-0788-4FD4-A56F-7403023CBB8D}.Debug|Any CPU.Build.0 = Debug|Any CPU
		{B657A614-0788-4FD4-A56F-7403023CBB8D}.Release|Any CPU.ActiveCfg = Release|Any CPU
		{B657A614-0788-4FD4-A56F-7403023CBB8D}.Release|Any CPU.Build.0 = Release|Any CPU
		{F2108754-C236-4345-AD5F-12421D7F60D1}.Debug|Any CPU.ActiveCfg = Debug|Any CPU
		{F2108754-C236-4345-AD5F-12421D7F60D1}.Debug|Any CPU.Build.0 = Debug|Any CPU
		{F2108754-C236-4345-AD5F-12421D7F60D1}.Release|Any CPU.ActiveCfg = Release|Any CPU
		{F2108754-C236-4345-AD5F-12421D7F60D1}.Release|Any CPU.Build.0 = Release|Any CPU
		{8ED7ADED-F260-4AD1-B3DF-D65E7CBD6D35}.Debug|Any CPU.ActiveCfg = Debug|Any CPU
		{8ED7ADED-F260-4AD1-B3DF-D65E7CBD6D35}.Debug|Any CPU.Build.0 = Debug|Any CPU
		{8ED7ADED-F260-4AD1-B3DF-D65E7CBD6D35}.Release|Any CPU.ActiveCfg = Release|Any CPU
		{8ED7ADED-F260-4AD1-B3DF-D65E7CBD6D35}.Release|Any CPU.Build.0 = Release|Any CPU
	EndGlobalSection
	GlobalSection(SolutionProperties) = preSolution
		HideSolutionNode = FALSE
	EndGlobalSection
	GlobalSection(ExtensibilityGlobals) = postSolution
		SolutionGuid = {1F6A16A8-057A-4697-A672-BA3FCF789F4C}
	EndGlobalSection
EndGlobal
